{
  "name": "kogs",
  "lockfileVersion": 2,
  "requires": true,
  "packages": {
    "": {
      "dependencies": {
        "@kogs/logger": "file:@kogs/logger",
        "@kogs/test": "file:@kogs/test"
      }
    },
    "@kogs/logger": {
      "version": "0.0.4",
      "license": "MIT",
      "dependencies": {
        "picocolors": "^1.0.0"
      },
      "devDependencies": {
        "@kogs/test": "^1.0.0"
      }
    },
    "@kogs/test": {
      "version": "1.0.0",
      "license": "MIT",
      "dependencies": {
        "picocolors": "^1.0.0"
      }
    },
    "node_modules/@kogs/logger": {
      "resolved": "@kogs/logger",
      "link": true
    },
    "node_modules/@kogs/test": {
      "resolved": "@kogs/test",
      "link": true
    },
    "node_modules/picocolors": {
      "version": "1.0.0",
      "resolved": "https://registry.npmjs.org/picocolors/-/picocolors-1.0.0.tgz",
      "integrity": "sha512-1fygroTLlHu66zi26VoTDv8yRgm0Fccecssto+MhsZ0D/DGW2sm8E8AjW7NU5VVTRt5GxbeZ5qBuJr+HyLYkjQ=="
    }
  },
  "dependencies": {
    "@kogs/logger": {
      "version": "file:@kogs/logger",
      "requires": {
        "@kogs/test": "^1.0.0",
        "picocolors": "^1.0.0"
      }
    },
    "@kogs/test": {
      "version": "file:@kogs/test",
      "requires": {
        "picocolors": "^1.0.0"
      }
    },
    "picocolors": {
      "version": "1.0.0",
      "resolved": "https://registry.npmjs.org/picocolors/-/picocolors-1.0.0.tgz",
      "integrity": "sha512-1fygroTLlHu66zi26VoTDv8yRgm0Fccecssto+MhsZ0D/DGW2sm8E8AjW7NU5VVTRt5GxbeZ5qBuJr+HyLYkjQ=="
    }
  }
}
